
Microsoft Visual Studio Solution File, Format Version 12.00
# Visual Studio Version 17
VisualStudioVersion = 17.14.36109.1 d17.14
MinimumVisualStudioVersion = 10.0.40219.1
Project("{FAE04EC0-301F-11D3-BF4B-00C04F79EFBC}") = "LearnBlazorCRUD", "LearnBlazorCRUD\LearnBlazorCRUD.csproj", "{46342FA7-423E-4F18-BD7A-0BA8783E9135}"
EndProject
Global
	GlobalSection(SolutionConfigurationPlatforms) = preSolution
		Debug|Any CPU = Debug|Any CPU
		Release|Any CPU = Release|Any CPU
	EndGlobalSection
	GlobalSection(ProjectConfigurationPlatforms) = postSolution
		{46342FA7-423E-4F18-BD7A-0BA8783E9135}.Debug|Any CPU.ActiveCfg = Debug|Any CPU
		{46342FA7-423E-4F18-BD7A-0BA8783E9135}.Debug|Any CPU.Build.0 = Debug|Any CPU
		{46342FA7-423E-4F18-BD7A-0BA8783E9135}.Release|Any CPU.ActiveCfg = Release|Any CPU
		{46342FA7-423E-4F18-BD7A-0BA8783E9135}.Release|Any CPU.Build.0 = Release|Any CPU
	EndGlobalSection
	GlobalSection(SolutionProperties) = preSolution
		HideSolutionNode = FALSE
	EndGlobalSection
	GlobalSection(ExtensibilityGlobals) = postSolution
		SolutionGuid = {BD1FE0D4-B6EE-4971-B1B1-389C25579CF5}
	EndGlobalSection
EndGlobal
